
Microsoft Visual Studio Solution File, Format Version 12.00
# Visual Studio Version 17
VisualStudioVersion = 17.0.31903.59
MinimumVisualStudioVersion = 10.0.40219.1
Project("{9A19103F-16F7-4668-BE54-9A1E7A4F7556}") = "API", "API\API.csproj", "{C5B48248-D574-410E-B84F-6E89BDBB8DDA}"
EndProject
Project("{9A19103F-16F7-4668-BE54-9A1E7A4F7556}") = "Consumer", "Consumer\Consumer.csproj", "{3F25D96A-8FA9-4460-9FBE-8555EDD4951A}"
EndProject
Global
	GlobalSection(SolutionConfigurationPlatforms) = preSolution
		Debug|Any CPU = Debug|Any CPU
		Release|Any CPU = Release|Any CPU
	EndGlobalSection
	GlobalSection(ProjectConfigurationPlatforms) = postSolution
		{C5B48248-D574-410E-B84F-6E89BDBB8DDA}.Debug|Any CPU.ActiveCfg = Debug|Any CPU
		{C5B48248-D574-410E-B84F-6E89BDBB8DDA}.Debug|Any CPU.Build.0 = Debug|Any CPU
		{C5B48248-D574-410E-B84F-6E89BDBB8DDA}.Release|Any CPU.ActiveCfg = Release|Any CPU
		{C5B48248-D574-410E-B84F-6E89BDBB8DDA}.Release|Any CPU.Build.0 = Release|Any CPU
		{3F25D96A-8FA9-4460-9FBE-8555EDD4951A}.Debug|Any CPU.ActiveCfg = Debug|Any CPU
		{3F25D96A-8FA9-4460-9FBE-8555EDD4951A}.Debug|Any CPU.Build.0 = Debug|Any CPU
		{3F25D96A-8FA9-4460-9FBE-8555EDD4951A}.Release|Any CPU.ActiveCfg = Release|Any CPU
		{3F25D96A-8FA9-4460-9FBE-8555EDD4951A}.Release|Any CPU.Build.0 = Release|Any CPU
	EndGlobalSection
	GlobalSection(SolutionProperties) = preSolution
		HideSolutionNode = FALSE
	EndGlobalSection
	GlobalSection(ExtensibilityGlobals) = postSolution
		SolutionGuid = {8A2789EB-D542-40E2-87EB-F2C35DB7EACE}
	EndGlobalSection
EndGlobal
